// !$*UTF8*$!
{
	archiveVersion = 1;
	classes = {
	};
	objectVersion = 48;
	objects = {

/* Begin PBXBuildFile section */
		092F720C204DC88600430A57 /* AppDelegate.swift in Sources */ = {isa = PBXBuildFile; fileRef = 092F720B204DC88600430A57 /* AppDelegate.swift */; };
		092F720E204DC88600430A57 /* TimerViewController.swift in Sources */ = {isa = PBXBuildFile; fileRef = 092F720D204DC88600430A57 /* TimerViewController.swift */; };
		092F7211204DC88600430A57 /* Main.storyboard in Resources */ = {isa = PBXBuildFile; fileRef = 092F720F204DC88600430A57 /* Main.storyboard */; };
		092F7213204DC88600430A57 /* Assets.xcassets in Resources */ = {isa = PBXBuildFile; fileRef = 092F7212204DC88600430A57 /* Assets.xcassets */; };
		092F7216204DC88600430A57 /* LaunchScreen.storyboard in Resources */ = {isa = PBXBuildFile; fileRef = 092F7214204DC88600430A57 /* LaunchScreen.storyboard */; };
		092F7221204DC88600430A57 /* TimerTTTests.swift in Sources */ = {isa = PBXBuildFile; fileRef = 092F7220204DC88600430A57 /* TimerTTTests.swift */; };
		092F722C204DC88600430A57 /* TimerTTUITests.swift in Sources */ = {isa = PBXBuildFile; fileRef = 092F722B204DC88600430A57 /* TimerTTUITests.swift */; };
		09B8801C204E4D5B00F6AD93 /* TimerBrain.swift in Sources */ = {isa = PBXBuildFile; fileRef = 09B8801B204E4D5B00F6AD93 /* TimerBrain.swift */; };
		09B8801F204E509B00F6AD93 /* TimerDelegate.swift in Sources */ = {isa = PBXBuildFile; fileRef = 09B8801E204E509B00F6AD93 /* TimerDelegate.swift */; };
		09B88024204E52DC00F6AD93 /* Info.plist in Resources */ = {isa = PBXBuildFile; fileRef = 09B88023204E52DC00F6AD93 /* Info.plist */; };
/* End PBXBuildFile section */

/* Begin PBXContainerItemProxy section */
		092F721D204DC88600430A57 /* PBXContainerItemProxy */ = {
			isa = PBXContainerItemProxy;
			containerPortal = 092F7200204DC88600430A57 /* Project object */;
			proxyType = 1;
			remoteGlobalIDString = 092F7207204DC88600430A57;
			remoteInfo = TimerTT;
		};
		092F7228204DC88600430A57 /* PBXContainerItemProxy */ = {
			isa = PBXContainerItemProxy;
			containerPortal = 092F7200204DC88600430A57 /* Project object */;
			proxyType = 1;
			remoteGlobalIDString = 092F7207204DC88600430A57;
			remoteInfo = TimerTT;
		};
/* End PBXContainerItemProxy section */

/* Begin PBXFileReference section */
		092F7208204DC88600430A57 /* TimerTT.app */ = {isa = PBXFileReference; explicitFileType = wrapper.application; includeInIndex = 0; path = TimerTT.app; sourceTree = BUILT_PRODUCTS_DIR; };
		092F720B204DC88600430A57 /* AppDelegate.swift */ = {isa = PBXFileReference; lastKnownFileType = sourcecode.swift; path = AppDelegate.swift; sourceTree = "<group>"; };
		092F720D204DC88600430A57 /* TimerViewController.swift */ = {isa = PBXFileReference; lastKnownFileType = sourcecode.swift; path = TimerViewController.swift; sourceTree = "<group>"; };
		092F7210204DC88600430A57 /* Base */ = {isa = PBXFileReference; lastKnownFileType = file.storyboard; name = Base; path = Base.lproj/Main.storyboard; sourceTree = "<group>"; };
		092F7212204DC88600430A57 /* Assets.xcassets */ = {isa = PBXFileReference; lastKnownFileType = folder.assetcatalog; path = Assets.xcassets; sourceTree = "<group>"; };
		092F7215204DC88600430A57 /* Base */ = {isa = PBXFileReference; lastKnownFileType = file.storyboard; name = Base; path = Base.lproj/LaunchScreen.storyboard; sourceTree = "<group>"; };
		092F721C204DC88600430A57 /* TimerTTTests.xctest */ = {isa = PBXFileReference; explicitFileType = wrapper.cfbundle; includeInIndex = 0; path = TimerTTTests.xctest; sourceTree = BUILT_PRODUCTS_DIR; };
		092F7220204DC88600430A57 /* TimerTTTests.swift */ = {isa = PBXFileReference; lastKnownFileType = sourcecode.swift; path = TimerTTTests.swift; sourceTree = "<group>"; };
		092F7222204DC88600430A57 /* Info.plist */ = {isa = PBXFileReference; lastKnownFileType = text.plist.xml; path = Info.plist; sourceTree = "<group>"; };
		092F7227204DC88600430A57 /* TimerTTUITests.xctest */ = {isa = PBXFileReference; explicitFileType = wrapper.cfbundle; includeInIndex = 0; path = TimerTTUITests.xctest; sourceTree = BUILT_PRODUCTS_DIR; };
		092F722B204DC88600430A57 /* TimerTTUITests.swift */ = {isa = PBXFileReference; lastKnownFileType = sourcecode.swift; path = TimerTTUITests.swift; sourceTree = "<group>"; };
		092F722D204DC88600430A57 /* Info.plist */ = {isa = PBXFileReference; lastKnownFileType = text.plist.xml; path = Info.plist; sourceTree = "<group>"; };
		09B8801B204E4D5B00F6AD93 /* TimerBrain.swift */ = {isa = PBXFileReference; lastKnownFileType = sourcecode.swift; path = TimerBrain.swift; sourceTree = "<group>"; };
		09B8801E204E509B00F6AD93 /* TimerDelegate.swift */ = {isa = PBXFileReference; lastKnownFileType = sourcecode.swift; path = TimerDelegate.swift; sourceTree = "<group>"; };
		09B88023204E52DC00F6AD93 /* Info.plist */ = {isa = PBXFileReference; fileEncoding = 4; lastKnownFileType = text.plist.xml; name = Info.plist; path = TimerTT/Info.plist; sourceTree = "<group>"; };
/* End PBXFileReference section */

/* Begin PBXFrameworksBuildPhase section */
		092F7205204DC88600430A57 /* Frameworks */ = {
			isa = PBXFrameworksBuildPhase;
			buildActionMask = 2147483647;
			files = (
			);
			runOnlyForDeploymentPostprocessing = 0;
		};
		092F7219204DC88600430A57 /* Frameworks */ = {
			isa = PBXFrameworksBuildPhase;
			buildActionMask = 2147483647;
			files = (
			);
			runOnlyForDeploymentPostprocessing = 0;
		};
		092F7224204DC88600430A57 /* Frameworks */ = {
			isa = PBXFrameworksBuildPhase;
			buildActionMask = 2147483647;
			files = (
			);
			runOnlyForDeploymentPostprocessing = 0;
		};
/* End PBXFrameworksBuildPhase section */

/* Begin PBXGroup section */
		092F71FF204DC88600430A57 = {
			isa = PBXGroup;
			children = (
				092F720A204DC88600430A57 /* TimerTT */,
				09B88020204E51E200F6AD93 /* Supporting Files */,
				092F721F204DC88600430A57 /* TimerTTTests */,
				092F722A204DC88600430A57 /* TimerTTUITests */,
				092F7209204DC88600430A57 /* Products */,
			);
			sourceTree = "<group>";
		};
		092F7209204DC88600430A57 /* Products */ = {
			isa = PBXGroup;
			children = (
				092F7208204DC88600430A57 /* TimerTT.app */,
				092F721C204DC88600430A57 /* TimerTTTests.xctest */,
				092F7227204DC88600430A57 /* TimerTTUITests.xctest */,
			);
			name = Products;
			sourceTree = "<group>";
		};
		092F720A204DC88600430A57 /* TimerTT */ = {
			isa = PBXGroup;
			children = (
				092F720D204DC88600430A57 /* TimerViewController.swift */,
				092F720F204DC88600430A57 /* Main.storyboard */,
				09B8801B204E4D5B00F6AD93 /* TimerBrain.swift */,
				09B8801E204E509B00F6AD93 /* TimerDelegate.swift */,
			);
			path = TimerTT;
			sourceTree = "<group>";
		};
		092F721F204DC88600430A57 /* TimerTTTests */ = {
			isa = PBXGroup;
			children = (
				092F7220204DC88600430A57 /* TimerTTTests.swift */,
				092F7222204DC88600430A57 /* Info.plist */,
			);
			path = TimerTTTests;
			sourceTree = "<group>";
		};
		092F722A204DC88600430A57 /* TimerTTUITests */ = {
			isa = PBXGroup;
			children = (
				092F722B204DC88600430A57 /* TimerTTUITests.swift */,
				092F722D204DC88600430A57 /* Info.plist */,
			);
			path = TimerTTUITests;
			sourceTree = "<group>";
		};
		09B88020204E51E200F6AD93 /* Supporting Files */ = {
			isa = PBXGroup;
			children = (
				092F720B204DC88600430A57 /* AppDelegate.swift */,
				092F7212204DC88600430A57 /* Assets.xcassets */,
				092F7214204DC88600430A57 /* LaunchScreen.storyboard */,
				09B88023204E52DC00F6AD93 /* Info.plist */,
			);
			name = "Supporting Files";
			sourceTree = "<group>";
		};
/* End PBXGroup section */

/* Begin PBXNativeTarget section */
		092F7207204DC88600430A57 /* TimerTT */ = {
			isa = PBXNativeTarget;
			buildConfigurationList = 092F7230204DC88600430A57 /* Build configuration list for PBXNativeTarget "TimerTT" */;
			buildPhases = (
				092F7204204DC88600430A57 /* Sources */,
				092F7205204DC88600430A57 /* Frameworks */,
				092F7206204DC88600430A57 /* Resources */,
			);
			buildRules = (
			);
			dependencies = (
			);
			name = TimerTT;
			productName = TimerTT;
			productReference = 092F7208204DC88600430A57 /* TimerTT.app */;
			productType = "com.apple.product-type.application";
		};
		092F721B204DC88600430A57 /* TimerTTTests */ = {
			isa = PBXNativeTarget;
			buildConfigurationList = 092F7233204DC88600430A57 /* Build configuration list for PBXNativeTarget "TimerTTTests" */;
			buildPhases = (
				092F7218204DC88600430A57 /* Sources */,
				092F7219204DC88600430A57 /* Frameworks */,
				092F721A204DC88600430A57 /* Resources */,
			);
			buildRules = (
			);
			dependencies = (
				092F721E204DC88600430A57 /* PBXTargetDependency */,
			);
			name = TimerTTTests;
			productName = TimerTTTests;
			productReference = 092F721C204DC88600430A57 /* TimerTTTests.xctest */;
			productType = "com.apple.product-type.bundle.unit-test";
		};
		092F7226204DC88600430A57 /* TimerTTUITests */ = {
			isa = PBXNativeTarget;
			buildConfigurationList = 092F7236204DC88600430A57 /* Build configuration list for PBXNativeTarget "TimerTTUITests" */;
			buildPhases = (
				092F7223204DC88600430A57 /* Sources */,
				092F7224204DC88600430A57 /* Frameworks */,
				092F7225204DC88600430A57 /* Resources */,
			);
			buildRules = (
			);
			dependencies = (
				092F7229204DC88600430A57 /* PBXTargetDependency */,
			);
			name = TimerTTUITests;
			productName = TimerTTUITests;
			productReference = 092F7227204DC88600430A57 /* TimerTTUITests.xctest */;
			productType = "com.apple.product-type.bundle.ui-testing";
		};
/* End PBXNativeTarget section */

/* Begin PBXProject section */
		092F7200204DC88600430A57 /* Project object */ = {
			isa = PBXProject;
			attributes = {
				LastSwiftUpdateCheck = 0920;
				LastUpgradeCheck = 0920;
				ORGANIZATIONNAME = "Valentina Henao Arango";
				TargetAttributes = {
					092F7207204DC88600430A57 = {
						CreatedOnToolsVersion = 9.2;
						ProvisioningStyle = Automatic;
					};
					092F721B204DC88600430A57 = {
						CreatedOnToolsVersion = 9.2;
						ProvisioningStyle = Automatic;
						TestTargetID = 092F7207204DC88600430A57;
					};
					092F7226204DC88600430A57 = {
						CreatedOnToolsVersion = 9.2;
						ProvisioningStyle = Automatic;
						TestTargetID = 092F7207204DC88600430A57;
					};
				};
			};
			buildConfigurationList = 092F7203204DC88600430A57 /* Build configuration list for PBXProject "TimerTT" */;
			compatibilityVersion = "Xcode 8.0";
			developmentRegion = en;
			hasScannedForEncodings = 0;
			knownRegions = (
				en,
				Base,
			);
			mainGroup = 092F71FF204DC88600430A57;
			productRefGroup = 092F7209204DC88600430A57 /* Products */;
			projectDirPath = "";
			projectRoot = "";
			targets = (
				092F7207204DC88600430A57 /* TimerTT */,
				092F721B204DC88600430A57 /* TimerTTTests */,
				092F7226204DC88600430A57 /* TimerTTUITests */,
			);
		};
/* End PBXProject section */

/* Begin PBXResourcesBuildPhase section */
		092F7206204DC88600430A57 /* Resources */ = {
			isa = PBXResourcesBuildPhase;
			buildActionMask = 2147483647;
			files = (
				09B88024204E52DC00F6AD93 /* Info.plist in Resources */,
				092F7216204DC88600430A57 /* LaunchScreen.storyboard in Resources */,
				092F7213204DC88600430A57 /* Assets.xcassets in Resources */,
				092F7211204DC88600430A57 /* Main.storyboard in Resources */,
			);
			runOnlyForDeploymentPostprocessing = 0;
		};
		092F721A204DC88600430A57 /* Resources */ = {
			isa = PBXResourcesBuildPhase;
			buildActionMask = 2147483647;
			files = (
			);
			runOnlyForDeploymentPostprocessing = 0;
		};
		092F7225204DC88600430A57 /* Resources */ = {
			isa = PBXResourcesBuildPhase;
			buildActionMask = 2147483647;
			files = (
			);
			runOnlyForDeploymentPostprocessing = 0;
		};
/* End PBXResourcesBuildPhase section */

/* Begin PBXSourcesBuildPhase section */
		092F7204204DC88600430A57 /* Sources */ = {
			isa = PBXSourcesBuildPhase;
			buildActionMask = 2147483647;
			files = (
				092F720E204DC88600430A57 /* TimerViewController.swift in Sources */,
				092F720C204DC88600430A57 /* AppDelegate.swift in Sources */,
				09B8801F204E509B00F6AD93 /* TimerDelegate.swift in Sources */,
				09B8801C204E4D5B00F6AD93 /* TimerBrain.swift in Sources */,
			);
			runOnlyForDeploymentPostprocessing = 0;
		};
		092F7218204DC88600430A57 /* Sources */ = {
			isa = PBXSourcesBuildPhase;
			buildActionMask = 2147483647;
			files = (
				092F7221204DC88600430A57 /* TimerTTTests.swift in Sources */,
			);
			runOnlyForDeploymentPostprocessing = 0;
		};
		092F7223204DC88600430A57 /* Sources */ = {
			isa = PBXSourcesBuildPhase;
			buildActionMask = 2147483647;
			files = (
				092F722C204DC88600430A57 /* TimerTTUITests.swift in Sources */,
			);
			runOnlyForDeploymentPostprocessing = 0;
		};
/* End PBXSourcesBuildPhase section */

/* Begin PBXTargetDependency section */
		092F721E204DC88600430A57 /* PBXTargetDependency */ = {
			isa = PBXTargetDependency;
			target = 092F7207204DC88600430A57 /* TimerTT */;
			targetProxy = 092F721D204DC88600430A57 /* PBXContainerItemProxy */;
		};
		092F7229204DC88600430A57 /* PBXTargetDependency */ = {
			isa = PBXTargetDependency;
			target = 092F7207204DC88600430A57 /* TimerTT */;
			targetProxy = 092F7228204DC88600430A57 /* PBXContainerItemProxy */;
		};
/* End PBXTargetDependency section */

/* Begin PBXVariantGroup section */
		092F720F204DC88600430A57 /* Main.storyboard */ = {
			isa = PBXVariantGroup;
			children = (
				092F7210204DC88600430A57 /* Base */,
			);
			name = Main.storyboard;
			sourceTree = "<group>";
		};
		092F7214204DC88600430A57 /* LaunchScreen.storyboard */ = {
			isa = PBXVariantGroup;
			children = (
				092F7215204DC88600430A57 /* Base */,
			);
			name = LaunchScreen.storyboard;
			sourceTree = "<group>";
		};
/* End PBXVariantGroup section */

/* Begin XCBuildConfiguration section */
		092F722E204DC88600430A57 /* Debug */ = {
			isa = XCBuildConfiguration;
			buildSettings = {
				ALWAYS_SEARCH_USER_PATHS = NO;
				CLANG_ANALYZER_NONNULL = YES;
				CLANG_ANALYZER_NUMBER_OBJECT_CONVERSION = YES_AGGRESSIVE;
				CLANG_CXX_LANGUAGE_STANDARD = "gnu++14";
				CLANG_CXX_LIBRARY = "libc++";
				CLANG_ENABLE_MODULES = YES;
				CLANG_ENABLE_OBJC_ARC = YES;
				CLANG_WARN_BLOCK_CAPTURE_AUTORELEASING = YES;
				CLANG_WARN_BOOL_CONVERSION = YES;
				CLANG_WARN_COMMA = YES;
				CLANG_WARN_CONSTANT_CONVERSION = YES;
				CLANG_WARN_DIRECT_OBJC_ISA_USAGE = YES_ERROR;
				CLANG_WARN_DOCUMENTATION_COMMENTS = YES;
				CLANG_WARN_EMPTY_BODY = YES;
				CLANG_WARN_ENUM_CONVERSION = YES;
				CLANG_WARN_INFINITE_RECURSION = YES;
				CLANG_WARN_INT_CONVERSION = YES;
				CLANG_WARN_NON_LITERAL_NULL_CONVERSION = YES;
				CLANG_WARN_OBJC_LITERAL_CONVERSION = YES;
				CLANG_WARN_OBJC_ROOT_CLASS = YES_ERROR;
				CLANG_WARN_RANGE_LOOP_ANALYSIS = YES;
				CLANG_WARN_STRICT_PROTOTYPES = YES;
				CLANG_WARN_SUSPICIOUS_MOVE = YES;
				CLANG_WARN_UNGUARDED_AVAILABILITY = YES_AGGRESSIVE;
				CLANG_WARN_UNREACHABLE_CODE = YES;
				CLANG_WARN__DUPLICATE_METHOD_MATCH = YES;
				CODE_SIGN_IDENTITY = "iPhone Developer";
				COPY_PHASE_STRIP = NO;
				DEBUG_INFORMATION_FORMAT = dwarf;
				ENABLE_STRICT_OBJC_MSGSEND = YES;
				ENABLE_TESTABILITY = YES;
				GCC_C_LANGUAGE_STANDARD = gnu11;
				GCC_DYNAMIC_NO_PIC = NO;
				GCC_NO_COMMON_BLOCKS = YES;
				GCC_OPTIMIZATION_LEVEL = 0;
				GCC_PREPROCESSOR_DEFINITIONS = (
					"DEBUG=1",
					"$(inherited)",
				);
				GCC_WARN_64_TO_32_BIT_CONVERSION = YES;
				GCC_WARN_ABOUT_RETURN_TYPE = YES_ERROR;
				GCC_WARN_UNDECLARED_SELECTOR = YES;
				GCC_WARN_UNINITIALIZED_AUTOS = YES_AGGRESSIVE;
				GCC_WARN_UNUSED_FUNCTION = YES;
				GCC_WARN_UNUSED_VARIABLE = YES;
				IPHONEOS_DEPLOYMENT_TARGET = 11.2;
				MTL_ENABLE_DEBUG_INFO = YES;
				ONLY_ACTIVE_ARCH = YES;
				SDKROOT = iphoneos;
				SWIFT_ACTIVE_COMPILATION_CONDITIONS = DEBUG;
				SWIFT_OPTIMIZATION_LEVEL = "-Onone";
			};
			name = Debug;
		};
		092F722F204DC88600430A57 /* Release */ = {
			isa = XCBuildConfiguration;
			buildSettings = {
				ALWAYS_SEARCH_USER_PATHS = NO;
				CLANG_ANALYZER_NONNULL = YES;
				CLANG_ANALYZER_NUMBER_OBJECT_CONVERSION = YES_AGGRESSIVE;
				CLANG_CXX_LANGUAGE_STANDARD = "gnu++14";
				CLANG_CXX_LIBRARY = "libc++";
				CLANG_ENABLE_MODULES = YES;
				CLANG_ENABLE_OBJC_ARC = YES;
				CLANG_WARN_BLOCK_CAPTURE_AUTORELEASING = YES;
				CLANG_WARN_BOOL_CONVERSION = YES;
				CLANG_WARN_COMMA = YES;
				CLANG_WARN_CONSTANT_CONVERSION = YES;
				CLANG_WARN_DIRECT_OBJC_ISA_USAGE = YES_ERROR;
				CLANG_WARN_DOCUMENTATION_COMMENTS = YES;
				CLANG_WARN_EMPTY_BODY = YES;
				CLANG_WARN_ENUM_CONVERSION = YES;
				CLANG_WARN_INFINITE_RECURSION = YES;
				CLANG_WARN_INT_CONVERSION = YES;
				CLANG_WARN_NON_LITERAL_NULL_CONVERSION = YES;
				CLANG_WARN_OBJC_LITERAL_CONVERSION = YES;
				CLANG_WARN_OBJC_ROOT_CLASS = YES_ERROR;
				CLANG_WARN_RANGE_LOOP_ANALYSIS = YES;
				CLANG_WARN_STRICT_PROTOTYPES = YES;
				CLANG_WARN_SUSPICIOUS_MOVE = YES;
				CLANG_WARN_UNGUARDED_AVAILABILITY = YES_AGGRESSIVE;
				CLANG_WARN_UNREACHABLE_CODE = YES;
				CLANG_WARN__DUPLICATE_METHOD_MATCH = YES;
				CODE_SIGN_IDENTITY = "iPhone Developer";
				COPY_PHASE_STRIP = NO;
				DEBUG_INFORMATION_FORMAT = "dwarf-with-dsym";
				ENABLE_NS_ASSERTIONS = NO;
				ENABLE_STRICT_OBJC_MSGSEND = YES;
				GCC_C_LANGUAGE_STANDARD = gnu11;
				GCC_NO_COMMON_BLOCKS = YES;
				GCC_WARN_64_TO_32_BIT_CONVERSION = YES;
				GCC_WARN_ABOUT_RETURN_TYPE = YES_ERROR;
				GCC_WARN_UNDECLARED_SELECTOR = YES;
				GCC_WARN_UNINITIALIZED_AUTOS = YES_AGGRESSIVE;
				GCC_WARN_UNUSED_FUNCTION = YES;
				GCC_WARN_UNUSED_VARIABLE = YES;
				IPHONEOS_DEPLOYMENT_TARGET = 11.2;
				MTL_ENABLE_DEBUG_INFO = NO;
				SDKROOT = iphoneos;
				SWIFT_OPTIMIZATION_LEVEL = "-Owholemodule";
				VALIDATE_PRODUCT = YES;
			};
			name = Release;
		};
		092F7231204DC88600430A57 /* Debug */ = {
			isa = XCBuildConfiguration;
			buildSettings = {
				ASSETCATALOG_COMPILER_APPICON_NAME = AppIcon;
				CODE_SIGN_STYLE = Automatic;
				INFOPLIST_FILE = TimerTT/Info.plist;
				LD_RUNPATH_SEARCH_PATHS = "$(inherited) @executable_path/Frameworks";
				PRODUCT_BUNDLE_IDENTIFIER = valentina.TimerTT;
				PRODUCT_NAME = "$(TARGET_NAME)";
				SWIFT_VERSION = 4.0;
				TARGETED_DEVICE_FAMILY = "1,2";
			};
			name = Debug;
		};
		092F7232204DC88600430A57 /* Release */ = {
			isa = XCBuildConfiguration;
			buildSettings = {
				ASSETCATALOG_COMPILER_APPICON_NAME = AppIcon;
				CODE_SIGN_STYLE = Automatic;
				INFOPLIST_FILE = TimerTT/Info.plist;
				LD_RUNPATH_SEARCH_PATHS = "$(inherited) @executable_path/Frameworks";
				PRODUCT_BUNDLE_IDENTIFIER = valentina.TimerTT;
				PRODUCT_NAME = "$(TARGET_NAME)";
				SWIFT_VERSION = 4.0;
				TARGETED_DEVICE_FAMILY = "1,2";
			};
			name = Release;
		};
		092F7234204DC88600430A57 /* Debug */ = {
			isa = XCBuildConfiguration;
			buildSettings = {
				ALWAYS_EMBED_SWIFT_STANDARD_LIBRARIES = YES;
				BUNDLE_LOADER = "$(TEST_HOST)";
				CODE_SIGN_STYLE = Automatic;
				INFOPLIST_FILE = TimerTTTests/Info.plist;
				LD_RUNPATH_SEARCH_PATHS = "$(inherited) @executable_path/Frameworks @loader_path/Frameworks";
				PRODUCT_BUNDLE_IDENTIFIER = valentina.TimerTTTests;
				PRODUCT_NAME = "$(TARGET_NAME)";
				SWIFT_VERSION = 4.0;
				TARGETED_DEVICE_FAMILY = "1,2";
				TEST_HOST = "$(BUILT_PRODUCTS_DIR)/TimerTT.app/TimerTT";
			};
			name = Debug;
		};
		092F7235204DC88600430A57 /* Release */ = {
			isa = XCBuildConfiguration;
			buildSettings = {
				ALWAYS_EMBED_SWIFT_STANDARD_LIBRARIES = YES;
				BUNDLE_LOADER = "$(TEST_HOST)";
				CODE_SIGN_STYLE = Automatic;
				INFOPLIST_FILE = TimerTTTests/Info.plist;
				LD_RUNPATH_SEARCH_PATHS = "$(inherited) @executable_path/Frameworks @loader_path/Frameworks";
				PRODUCT_BUNDLE_IDENTIFIER = valentina.TimerTTTests;
				PRODUCT_NAME = "$(TARGET_NAME)";
				SWIFT_VERSION = 4.0;
				TARGETED_DEVICE_FAMILY = "1,2";
				TEST_HOST = "$(BUILT_PRODUCTS_DIR)/TimerTT.app/TimerTT";
			};
			name = Release;
		};
		092F7237204DC88600430A57 /* Debug */ = {
			isa = XCBuildConfiguration;
			buildSettings = {
				ALWAYS_EMBED_SWIFT_STANDARD_LIBRARIES = YES;
				CODE_SIGN_STYLE = Automatic;
				INFOPLIST_FILE = TimerTTUITests/Info.plist;
				LD_RUNPATH_SEARCH_PATHS = "$(inherited) @executable_path/Frameworks @loader_path/Frameworks";
				PRODUCT_BUNDLE_IDENTIFIER = valentina.TimerTTUITests;
				PRODUCT_NAME = "$(TARGET_NAME)";
				SWIFT_VERSION = 4.0;
				TARGETED_DEVICE_FAMILY = "1,2";
				TEST_TARGET_NAME = TimerTT;
			};
			name = Debug;
		};
		092F7238204DC88600430A57 /* Release */ = {
			isa = XCBuildConfiguration;
			buildSettings = {
				ALWAYS_EMBED_SWIFT_STANDARD_LIBRARIES = YES;
				CODE_SIGN_STYLE = Automatic;
				INFOPLIST_FILE = TimerTTUITests/Info.plist;
				LD_RUNPATH_SEARCH_PATHS = "$(inherited) @executable_path/Frameworks @loader_path/Frameworks";
				PRODUCT_BUNDLE_IDENTIFIER = valentina.TimerTTUITests;
				PRODUCT_NAME = "$(TARGET_NAME)";
				SWIFT_VERSION = 4.0;
				TARGETED_DEVICE_FAMILY = "1,2";
				TEST_TARGET_NAME = TimerTT;
			};
			name = Release;
		};
/* End XCBuildConfiguration section */

/* Begin XCConfigurationList section */
		092F7203204DC88600430A57 /* Build configuration list for PBXProject "TimerTT" */ = {
			isa = XCConfigurationList;
			buildConfigurations = (
				092F722E204DC88600430A57 /* Debug */,
				092F722F204DC88600430A57 /* Release */,
			);
			defaultConfigurationIsVisible = 0;
			defaultConfigurationName = Release;
		};
		092F7230204DC88600430A57 /* Build configuration list for PBXNativeTarget "TimerTT" */ = {
			isa = XCConfigurationList;
			buildConfigurations = (
				092F7231204DC88600430A57 /* Debug */,
				092F7232204DC88600430A57 /* Release */,
			);
			defaultConfigurationIsVisible = 0;
			defaultConfigurationName = Release;
		};
		092F7233204DC88600430A57 /* Build configuration list for PBXNativeTarget "TimerTTTests" */ = {
			isa = XCConfigurationList;
			buildConfigurations = (
				092F7234204DC88600430A57 /* Debug */,
				092F7235204DC88600430A57 /* Release */,
			);
			defaultConfigurationIsVisible = 0;
			defaultConfigurationName = Release;
		};
		092F7236204DC88600430A57 /* Build configuration list for PBXNativeTarget "TimerTTUITests" */ = {
			isa = XCConfigurationList;
			buildConfigurations = (
				092F7237204DC88600430A57 /* Debug */,
				092F7238204DC88600430A57 /* Release */,
			);
			defaultConfigurationIsVisible = 0;
			defaultConfigurationName = Release;
		};
/* End XCConfigurationList section */
	};
	rootObject = 092F7200204DC88600430A57 /* Project object */;
}
